
Microsoft Visual Studio Solution File, Format Version 12.00
# Visual Studio Version 16
VisualStudioVersion = 16.0.33529.622
MinimumVisualStudioVersion = 10.0.40219.1
Project("{888888A0-9F3D-457C-B088-3A5042F75D52}") = "Projet_BLE_LED", "Projet_BLE_LED.pyproj", "{81E54BA0-7829-45CB-B8E1-9410281C22BA}"
EndProject
Global
	GlobalSection(SolutionConfigurationPlatforms) = preSolution
		Debug|Any CPU = Debug|Any CPU
		Release|Any CPU = Release|Any CPU
	EndGlobalSection
	GlobalSection(ProjectConfigurationPlatforms) = postSolution
		{81E54BA0-7829-45CB-B8E1-9410281C22BA}.Debug|Any CPU.ActiveCfg = Debug|Any CPU
		{81E54BA0-7829-45CB-B8E1-9410281C22BA}.Release|Any CPU.ActiveCfg = Release|Any CPU
	EndGlobalSection
	GlobalSection(SolutionProperties) = preSolution
		HideSolutionNode = FALSE
	EndGlobalSection
	GlobalSection(ExtensibilityGlobals) = postSolution
		SolutionGuid = {3B572E28-F65D-4D3B-BB01-813AE650BD49}
	EndGlobalSection
EndGlobal
